
Microsoft Visual Studio Solution File, Format Version 12.00
# Visual Studio Version 17
VisualStudioVersion = 17.5.002.0
MinimumVisualStudioVersion = 10.0.40219.1
Project("{9A19103F-16F7-4668-BE54-9A1E7A4F7556}") = "CaveGame", "CaveGame.csproj", "{DC9EDD8B-9FAA-46EF-8DC0-0C0FE5FFB7DE}"
EndProject
Global
	GlobalSection(SolutionConfigurationPlatforms) = preSolution
		Debug|Any CPU = Debug|Any CPU
		Release|Any CPU = Release|Any CPU
	EndGlobalSection
	GlobalSection(ProjectConfigurationPlatforms) = postSolution
		{DC9EDD8B-9FAA-46EF-8DC0-0C0FE5FFB7DE}.Debug|Any CPU.ActiveCfg = Debug|Any CPU
		{DC9EDD8B-9FAA-46EF-8DC0-0C0FE5FFB7DE}.Debug|Any CPU.Build.0 = Debug|Any CPU
		{DC9EDD8B-9FAA-46EF-8DC0-0C0FE5FFB7DE}.Release|Any CPU.ActiveCfg = Release|Any CPU
		{DC9EDD8B-9FAA-46EF-8DC0-0C0FE5FFB7DE}.Release|Any CPU.Build.0 = Release|Any CPU
	EndGlobalSection
	GlobalSection(SolutionProperties) = preSolution
		HideSolutionNode = FALSE
	EndGlobalSection
	GlobalSection(ExtensibilityGlobals) = postSolution
		SolutionGuid = {C6515D6C-CA9C-4F14-B3BD-DE397A1BC77A}
	EndGlobalSection
EndGlobal
